
Microsoft Visual Studio Solution File, Format Version 12.00
# Visual Studio 15
VisualStudioVersion = 15.0.28307.757
MinimumVisualStudioVersion = 10.0.40219.1
Project("{FAE04EC0-301F-11D3-BF4B-00C04F79EFBC}") = "StringCalculatorAugust7", "StringCalculatorAugust7\StringCalculatorAugust7.csproj", "{D96920C3-50EF-4666-B9F7-704DE988BFCA}"
EndProject
Project("{FAE04EC0-301F-11D3-BF4B-00C04F79EFBC}") = "StringCalculatorAugust7.Tests", "StringCalculatorAugust7.Tests\StringCalculatorAugust7.Tests.csproj", "{52514F3E-D7C1-4B3F-A90B-71C86C599D69}"
EndProject
Global
	GlobalSection(SolutionConfigurationPlatforms) = preSolution
		Debug|Any CPU = Debug|Any CPU
		Release|Any CPU = Release|Any CPU
	EndGlobalSection
	GlobalSection(ProjectConfigurationPlatforms) = postSolution
		{D96920C3-50EF-4666-B9F7-704DE988BFCA}.Debug|Any CPU.ActiveCfg = Debug|Any CPU
		{D96920C3-50EF-4666-B9F7-704DE988BFCA}.Debug|Any CPU.Build.0 = Debug|Any CPU
		{D96920C3-50EF-4666-B9F7-704DE988BFCA}.Release|Any CPU.ActiveCfg = Release|Any CPU
		{D96920C3-50EF-4666-B9F7-704DE988BFCA}.Release|Any CPU.Build.0 = Release|Any CPU
		{52514F3E-D7C1-4B3F-A90B-71C86C599D69}.Debug|Any CPU.ActiveCfg = Debug|Any CPU
		{52514F3E-D7C1-4B3F-A90B-71C86C599D69}.Debug|Any CPU.Build.0 = Debug|Any CPU
		{52514F3E-D7C1-4B3F-A90B-71C86C599D69}.Release|Any CPU.ActiveCfg = Release|Any CPU
		{52514F3E-D7C1-4B3F-A90B-71C86C599D69}.Release|Any CPU.Build.0 = Release|Any CPU
	EndGlobalSection
	GlobalSection(SolutionProperties) = preSolution
		HideSolutionNode = FALSE
	EndGlobalSection
	GlobalSection(ExtensibilityGlobals) = postSolution
		SolutionGuid = {4D9DDFCD-5745-4765-A346-9990A47F9A35}
	EndGlobalSection
EndGlobal
