
Microsoft Visual Studio Solution File, Format Version 12.00
# Visual Studio 15
VisualStudioVersion = 15.0.28307.757
MinimumVisualStudioVersion = 10.0.40219.1
Project("{FAE04EC0-301F-11D3-BF4B-00C04F79EFBC}") = "StringCalculatorAugust8", "StringCalculatorAugust8\StringCalculatorAugust8.csproj", "{DBE9AA38-5F62-46AD-B542-039BC80F54EC}"
EndProject
Project("{FAE04EC0-301F-11D3-BF4B-00C04F79EFBC}") = "StringCalculatorAugust8.Tests", "StringCalculatorAugust8.Tests\StringCalculatorAugust8.Tests.csproj", "{5794BEB9-CFE3-43C4-A457-D7272DEDD5F1}"
EndProject
Global
	GlobalSection(SolutionConfigurationPlatforms) = preSolution
		Debug|Any CPU = Debug|Any CPU
		Release|Any CPU = Release|Any CPU
	EndGlobalSection
	GlobalSection(ProjectConfigurationPlatforms) = postSolution
		{DBE9AA38-5F62-46AD-B542-039BC80F54EC}.Debug|Any CPU.ActiveCfg = Debug|Any CPU
		{DBE9AA38-5F62-46AD-B542-039BC80F54EC}.Debug|Any CPU.Build.0 = Debug|Any CPU
		{DBE9AA38-5F62-46AD-B542-039BC80F54EC}.Release|Any CPU.ActiveCfg = Release|Any CPU
		{DBE9AA38-5F62-46AD-B542-039BC80F54EC}.Release|Any CPU.Build.0 = Release|Any CPU
		{5794BEB9-CFE3-43C4-A457-D7272DEDD5F1}.Debug|Any CPU.ActiveCfg = Debug|Any CPU
		{5794BEB9-CFE3-43C4-A457-D7272DEDD5F1}.Debug|Any CPU.Build.0 = Debug|Any CPU
		{5794BEB9-CFE3-43C4-A457-D7272DEDD5F1}.Release|Any CPU.ActiveCfg = Release|Any CPU
		{5794BEB9-CFE3-43C4-A457-D7272DEDD5F1}.Release|Any CPU.Build.0 = Release|Any CPU
	EndGlobalSection
	GlobalSection(SolutionProperties) = preSolution
		HideSolutionNode = FALSE
	EndGlobalSection
	GlobalSection(ExtensibilityGlobals) = postSolution
		SolutionGuid = {6FD6899A-94B3-4C01-B7C4-7429485BB654}
	EndGlobalSection
EndGlobal
