
Microsoft Visual Studio Solution File, Format Version 12.00
# Visual Studio 15
VisualStudioVersion = 15.0.28307.757
MinimumVisualStudioVersion = 10.0.40219.1
Project("{FAE04EC0-301F-11D3-BF4B-00C04F79EFBC}") = "CalculatorKata", "CalculatorKata\CalculatorKata.csproj", "{8D69701E-D660-4353-9937-6B1B49E30B29}"
EndProject
Project("{FAE04EC0-301F-11D3-BF4B-00C04F79EFBC}") = "CalculatorKata.Tests", "CalculatorKata.Tests\CalculatorKata.Tests.csproj", "{BA3D0A01-4DBA-4875-A68F-2BD6B7CA9ADC}"
EndProject
Global
	GlobalSection(SolutionConfigurationPlatforms) = preSolution
		Debug|Any CPU = Debug|Any CPU
		Release|Any CPU = Release|Any CPU
	EndGlobalSection
	GlobalSection(ProjectConfigurationPlatforms) = postSolution
		{8D69701E-D660-4353-9937-6B1B49E30B29}.Debug|Any CPU.ActiveCfg = Debug|Any CPU
		{8D69701E-D660-4353-9937-6B1B49E30B29}.Debug|Any CPU.Build.0 = Debug|Any CPU
		{8D69701E-D660-4353-9937-6B1B49E30B29}.Release|Any CPU.ActiveCfg = Release|Any CPU
		{8D69701E-D660-4353-9937-6B1B49E30B29}.Release|Any CPU.Build.0 = Release|Any CPU
		{BA3D0A01-4DBA-4875-A68F-2BD6B7CA9ADC}.Debug|Any CPU.ActiveCfg = Debug|Any CPU
		{BA3D0A01-4DBA-4875-A68F-2BD6B7CA9ADC}.Debug|Any CPU.Build.0 = Debug|Any CPU
		{BA3D0A01-4DBA-4875-A68F-2BD6B7CA9ADC}.Release|Any CPU.ActiveCfg = Release|Any CPU
		{BA3D0A01-4DBA-4875-A68F-2BD6B7CA9ADC}.Release|Any CPU.Build.0 = Release|Any CPU
	EndGlobalSection
	GlobalSection(SolutionProperties) = preSolution
		HideSolutionNode = FALSE
	EndGlobalSection
	GlobalSection(ExtensibilityGlobals) = postSolution
		SolutionGuid = {78F5ABEE-230E-409D-8F21-3D61B11C8752}
	EndGlobalSection
EndGlobal
