
Microsoft Visual Studio Solution File, Format Version 12.00
# Visual Studio 15
VisualStudioVersion = 15.0.28307.757
MinimumVisualStudioVersion = 10.0.40219.1
Project("{FAE04EC0-301F-11D3-BF4B-00C04F79EFBC}") = "StringCalculatorBeta2", "StringCalculatorBeta2\StringCalculatorBeta2.csproj", "{C7A59AE9-B8E9-445F-9E1B-FC8EE1A9E986}"
EndProject
Project("{FAE04EC0-301F-11D3-BF4B-00C04F79EFBC}") = "StringCalculatorBeta2.Tests", "StringCalculatorBeta2.Tests\StringCalculatorBeta2.Tests.csproj", "{D8D60A8A-BD18-4FA2-ACE1-6FBFFF69B5F1}"
EndProject
Global
	GlobalSection(SolutionConfigurationPlatforms) = preSolution
		Debug|Any CPU = Debug|Any CPU
		Release|Any CPU = Release|Any CPU
	EndGlobalSection
	GlobalSection(ProjectConfigurationPlatforms) = postSolution
		{C7A59AE9-B8E9-445F-9E1B-FC8EE1A9E986}.Debug|Any CPU.ActiveCfg = Debug|Any CPU
		{C7A59AE9-B8E9-445F-9E1B-FC8EE1A9E986}.Debug|Any CPU.Build.0 = Debug|Any CPU
		{C7A59AE9-B8E9-445F-9E1B-FC8EE1A9E986}.Release|Any CPU.ActiveCfg = Release|Any CPU
		{C7A59AE9-B8E9-445F-9E1B-FC8EE1A9E986}.Release|Any CPU.Build.0 = Release|Any CPU
		{D8D60A8A-BD18-4FA2-ACE1-6FBFFF69B5F1}.Debug|Any CPU.ActiveCfg = Debug|Any CPU
		{D8D60A8A-BD18-4FA2-ACE1-6FBFFF69B5F1}.Debug|Any CPU.Build.0 = Debug|Any CPU
		{D8D60A8A-BD18-4FA2-ACE1-6FBFFF69B5F1}.Release|Any CPU.ActiveCfg = Release|Any CPU
		{D8D60A8A-BD18-4FA2-ACE1-6FBFFF69B5F1}.Release|Any CPU.Build.0 = Release|Any CPU
	EndGlobalSection
	GlobalSection(SolutionProperties) = preSolution
		HideSolutionNode = FALSE
	EndGlobalSection
	GlobalSection(ExtensibilityGlobals) = postSolution
		SolutionGuid = {6FA6A7AA-97E5-46FA-9B07-BD3D0B971D2D}
	EndGlobalSection
EndGlobal
